
Microsoft Visual Studio Solution File, Format Version 12.00
# Visual Studio Version 16
VisualStudioVersion = 16.0.31613.86
MinimumVisualStudioVersion = 10.0.40219.1
Project("{2150E333-8FDC-42A3-9474-1A3956D46DE8}") = "Source", "Source", "{11ED4DAB-BEA1-455C-BBD3-D26C325786DB}"
EndProject
Project("{2150E333-8FDC-42A3-9474-1A3956D46DE8}") = "Tests", "Tests", "{836B34E9-C763-4A55-988D-8B3872303D13}"
EndProject
Project("{2150E333-8FDC-42A3-9474-1A3956D46DE8}") = "ATG.Application", "ATG.Application", "{112D5243-5383-4C5C-8BE5-5868852EB346}"
EndProject
Project("{2150E333-8FDC-42A3-9474-1A3956D46DE8}") = "ATG.Domain", "ATG.Domain", "{C39C4AFD-9151-4C61-AB0A-A6C33246D32B}"
EndProject
Project("{2150E333-8FDC-42A3-9474-1A3956D46DE8}") = "ATG.Infrastructure", "ATG.Infrastructure", "{5D184D21-A49B-438A-AF78-9FABF893FDFC}"
EndProject
Project("{9A19103F-16F7-4668-BE54-9A1E7A4F7556}") = "ATG.Domain", "ATG.Domain\ATG.Domain.csproj", "{E5CFF087-22BB-4227-89BC-1C557DC42A45}"
EndProject
Project("{9A19103F-16F7-4668-BE54-9A1E7A4F7556}") = "ATG.Infrastructure.Data", "ATG.Infrastructure.Data\ATG.Infrastructure.Data.csproj", "{8F5289AD-FF70-4F6E-AB19-581CA7D3A39F}"
EndProject
Project("{9A19103F-16F7-4668-BE54-9A1E7A4F7556}") = "ATG.Core", "ATG.Core\ATG.Core.csproj", "{DE58A3AB-F155-4BA5-A319-85B666DBA0CE}"
EndProject
Project("{FAE04EC0-301F-11D3-BF4B-00C04F79EFBC}") = "ATG.Tests", "ATG.Tests\ATG.Tests.csproj", "{8EA0CECF-7F2E-4DFE-8562-6F289425372C}"
EndProject
Global
	GlobalSection(SolutionConfigurationPlatforms) = preSolution
		Config|Any CPU = Config|Any CPU
		Debug|Any CPU = Debug|Any CPU
		Release|Any CPU = Release|Any CPU
	EndGlobalSection
	GlobalSection(ProjectConfigurationPlatforms) = postSolution
		{E5CFF087-22BB-4227-89BC-1C557DC42A45}.Config|Any CPU.ActiveCfg = Config|Any CPU
		{E5CFF087-22BB-4227-89BC-1C557DC42A45}.Config|Any CPU.Build.0 = Config|Any CPU
		{E5CFF087-22BB-4227-89BC-1C557DC42A45}.Debug|Any CPU.ActiveCfg = Debug|Any CPU
		{E5CFF087-22BB-4227-89BC-1C557DC42A45}.Debug|Any CPU.Build.0 = Debug|Any CPU
		{E5CFF087-22BB-4227-89BC-1C557DC42A45}.Release|Any CPU.ActiveCfg = Release|Any CPU
		{E5CFF087-22BB-4227-89BC-1C557DC42A45}.Release|Any CPU.Build.0 = Release|Any CPU
		{8F5289AD-FF70-4F6E-AB19-581CA7D3A39F}.Config|Any CPU.ActiveCfg = Config|Any CPU
		{8F5289AD-FF70-4F6E-AB19-581CA7D3A39F}.Config|Any CPU.Build.0 = Config|Any CPU
		{8F5289AD-FF70-4F6E-AB19-581CA7D3A39F}.Debug|Any CPU.ActiveCfg = Debug|Any CPU
		{8F5289AD-FF70-4F6E-AB19-581CA7D3A39F}.Debug|Any CPU.Build.0 = Debug|Any CPU
		{8F5289AD-FF70-4F6E-AB19-581CA7D3A39F}.Release|Any CPU.ActiveCfg = Release|Any CPU
		{8F5289AD-FF70-4F6E-AB19-581CA7D3A39F}.Release|Any CPU.Build.0 = Release|Any CPU
		{DE58A3AB-F155-4BA5-A319-85B666DBA0CE}.Config|Any CPU.ActiveCfg = Config|Any CPU
		{DE58A3AB-F155-4BA5-A319-85B666DBA0CE}.Config|Any CPU.Build.0 = Config|Any CPU
		{DE58A3AB-F155-4BA5-A319-85B666DBA0CE}.Debug|Any CPU.ActiveCfg = Debug|Any CPU
		{DE58A3AB-F155-4BA5-A319-85B666DBA0CE}.Debug|Any CPU.Build.0 = Debug|Any CPU
		{DE58A3AB-F155-4BA5-A319-85B666DBA0CE}.Release|Any CPU.ActiveCfg = Release|Any CPU
		{DE58A3AB-F155-4BA5-A319-85B666DBA0CE}.Release|Any CPU.Build.0 = Release|Any CPU
		{8EA0CECF-7F2E-4DFE-8562-6F289425372C}.Config|Any CPU.ActiveCfg = Config|Any CPU
		{8EA0CECF-7F2E-4DFE-8562-6F289425372C}.Config|Any CPU.Build.0 = Config|Any CPU
		{8EA0CECF-7F2E-4DFE-8562-6F289425372C}.Debug|Any CPU.ActiveCfg = Debug|Any CPU
		{8EA0CECF-7F2E-4DFE-8562-6F289425372C}.Debug|Any CPU.Build.0 = Debug|Any CPU
		{8EA0CECF-7F2E-4DFE-8562-6F289425372C}.Release|Any CPU.ActiveCfg = Release|Any CPU
		{8EA0CECF-7F2E-4DFE-8562-6F289425372C}.Release|Any CPU.Build.0 = Release|Any CPU
	EndGlobalSection
	GlobalSection(SolutionProperties) = preSolution
		HideSolutionNode = FALSE
	EndGlobalSection
	GlobalSection(NestedProjects) = preSolution
		{112D5243-5383-4C5C-8BE5-5868852EB346} = {11ED4DAB-BEA1-455C-BBD3-D26C325786DB}
		{C39C4AFD-9151-4C61-AB0A-A6C33246D32B} = {11ED4DAB-BEA1-455C-BBD3-D26C325786DB}
		{5D184D21-A49B-438A-AF78-9FABF893FDFC} = {11ED4DAB-BEA1-455C-BBD3-D26C325786DB}
		{E5CFF087-22BB-4227-89BC-1C557DC42A45} = {C39C4AFD-9151-4C61-AB0A-A6C33246D32B}
		{8F5289AD-FF70-4F6E-AB19-581CA7D3A39F} = {5D184D21-A49B-438A-AF78-9FABF893FDFC}
		{DE58A3AB-F155-4BA5-A319-85B666DBA0CE} = {112D5243-5383-4C5C-8BE5-5868852EB346}
		{8EA0CECF-7F2E-4DFE-8562-6F289425372C} = {836B34E9-C763-4A55-988D-8B3872303D13}
	EndGlobalSection
	GlobalSection(ExtensibilityGlobals) = postSolution
		SolutionGuid = {B0E87577-3901-4559-80DD-E50B1FBC17F0}
	EndGlobalSection
EndGlobal
